<?xml version="1.0" encoding="utf-8"?>
<Project ToolsVersion="4.0" xmlns="http://schemas.microsoft.com/developer/msbuild/2003">
  <ItemGroup>
    <Filter Include="Source Files">
      <UniqueIdentifier>{4FC737F1-C7A5-4376-A066-2A32D752A2FF}</UniqueIdentifier>
      <Extensions>cpp;c;cc;cxx;def;odl;idl;hpj;bat;asm;asmx</Extensions>
    </Filter>
    <Filter Include="Header Files">
      <UniqueIdentifier>{93995380-89BD-4b04-88EB-625FBE52EBFB}</UniqueIdentifier>
      <Extensions>h;hh;hpp;hxx;hm;inl;inc;xsd</Extensions>
    </Filter>
    <Filter Include="Resource Files">
      <UniqueIdentifier>{D9D6E242-F8AF-46E4-B9FD-80ECBC20BA3E}</UniqueIdentifier>
      <Extensions>qrc;*</Extensions>
      <ParseFiles>false</ParseFiles>
    </Filter>
    <Filter Include="Form Files">
      <UniqueIdentifier>{99349809-55BA-4b9d-BF79-8FDBB0286EB3}</UniqueIdentifier>
      <Extensions>ui</Extensions>
    </Filter>
    <Filter Include="Resource Files">
      <UniqueIdentifier>{D9D6E242-F8AF-46E4-B9FD-80ECBC20BA3E}</UniqueIdentifier>
      <Extensions>qrc;*</Extensions>
      <ParseFiles>false</ParseFiles>
    </Filter>
    <Filter Include="weatherClient">
      <UniqueIdentifier>{c8ef6e3a-a8e1-4506-bf92-0153fe1d38a1}</UniqueIdentifier>
    </Filter>
    <Filter Include="picture">
      <UniqueIdentifier>{807ad682-39a5-4049-823f-53f61e2790fc}</UniqueIdentifier>
    </Filter>
    <Filter Include="wsdl文件">
      <UniqueIdentifier>{6d8fe7c7-17b3-4d63-80a2-e067930ab3a3}</UniqueIdentifier>
    </Filter>
  </ItemGroup>
  <ItemGroup>
    <ClCompile Include="main.cpp">
      <Filter>Source Files</Filter>
    </ClCompile>
    <ClCompile Include="QtWeatherClient.cpp">
      <Filter>Source Files</Filter>
    </ClCompile>
    <ClCompile Include="weatherClient\soapC.cpp">
      <Filter>weatherClient</Filter>
    </ClCompile>
    <ClCompile Include="weatherClient\soapWeatherWebServiceSoapProxy.cpp">
      <Filter>weatherClient</Filter>
    </ClCompile>
    <ClCompile Include="weatherClient\stdsoap2.cpp">
      <Filter>weatherClient</Filter>
    </ClCompile>
    <ClCompile Include="weatherClient.cpp">
      <Filter>Source Files</Filter>
    </ClCompile>
  </ItemGroup>
  <ItemGroup>
    <QtMoc Include="QtWeatherClient.h">
      <Filter>Header Files</Filter>
    </QtMoc>
  </ItemGroup>
  <ItemGroup>
    <QtUic Include="QtWeatherClient.ui">
      <Filter>Form Files</Filter>
    </QtUic>
  </ItemGroup>
  <ItemGroup>
    <QtRcc Include="QtWeatherClient.qrc">
      <Filter>Resource Files</Filter>
    </QtRcc>
  </ItemGroup>
  <ItemGroup>
    <ClInclude Include="weatherClient\soap12.h">
      <Filter>weatherClient</Filter>
    </ClInclude>
    <ClInclude Include="weatherClient\soapH.h">
      <Filter>weatherClient</Filter>
    </ClInclude>
    <ClInclude Include="weatherClient\soapStub.h">
      <Filter>weatherClient</Filter>
    </ClInclude>
    <ClInclude Include="weatherClient\soapWeatherWebServiceSoapProxy.h">
      <Filter>weatherClient</Filter>
    </ClInclude>
    <ClInclude Include="weatherClient\stdsoap2.h">
      <Filter>weatherClient</Filter>
    </ClInclude>
    <ClInclude Include="weatherClient\weatherService.h">
      <Filter>weatherClient</Filter>
    </ClInclude>
    <ClInclude Include="weatherClient.h">
      <Filter>Header Files</Filter>
    </ClInclude>
  </ItemGroup>
  <ItemGroup>
    <None Include="weatherClient\WeatherWebServiceSoap.nsmap">
      <Filter>weatherClient</Filter>
    </None>
  </ItemGroup>
  <ItemGroup>
    <Image Include="picture\background.jpg">
      <Filter>picture</Filter>
    </Image>
    <Image Include="picture\background2.jpg">
      <Filter>picture</Filter>
    </Image>
  </ItemGroup>
  <ItemGroup>
    <CustomBuild Include="wsdl文件\WeatherWebService.wsdl">
      <Filter>wsdl文件</Filter>
    </CustomBuild>
  </ItemGroup>
</Project>